{
  "version": 4,
  "terraform_version": "1.5.6",
  "serial": 16,
  "lineage": "72b46b31-dbb2-84ac-4320-dfbf7c01df6f",
  "outputs": {
    "key_data": {
      "value": "ssh-rsa AAAAB3NzaC1yc2EAAAADAQABAAABgQCxG/82+2mlcv6f3KvG8UHO9/lOg+v7LmfnLQ0nqqqeWg15BXQsHCDQcVd4kyA2qjKdgEQArQUgXgRezSnLvznt7D0kXouS8SrsD4Y8SFMTy6w8XZnOp9QCPQ2MPthR0TDMDJeOSVE+//yX7vmwYRozJwnGEpLogugQeNmGdXkSa7rvneIOChcPFs95Glg5RxxctypuAaRiDW6L9L5CC1of4HYb8GycBOfeIkOlVcJ3QwJdNzTjc3QKYXER0xSDvlet4gf9XKCYCdR19OFE+/7jjFSrhToJEM7sR3MZQGo9J6cRsY6rMg18awxLo6aY/R9EZ8pvbBn9jkI5FQwRhr/tC7nMbDFGoHGn/h26H7Zi1J+PkYi6CBSFs06CxcPLwsugvLlAug5gysHkmNI1mRpK/C12a1fA2ejXHSrUZv1BVpG6Q4sDUpTngECquUOH0t2A+N/JZv4SciJZuoj86wbuD9uIUaAu42vPh/FQrS/oH92QuZar/2J1ZyfbfaiMKnE= generated-by-azure",
      "type": "string"
    },
    "public_ip_address": {
      "value": "20.107.0.134",
      "type": "string"
    },
    "resource_group_name": {
      "value": "rg-keen-lion",
      "type": "string"
    }
  },
  "resources": [
    {
      "mode": "managed",
      "type": "azapi_resource",
      "name": "ssh_public_key",
      "provider": "provider[\"registry.terraform.io/azure/azapi\"]",
      "instances": [
        {
          "schema_version": 0,
          "attributes": {
            "body": "{}",
            "id": "/subscriptions/e65433d5-b551-481c-b09d-7a306e3999ea/resourceGroups/rg-keen-lion/providers/Microsoft.Compute/sshPublicKeys/sshdestinedbunny",
            "identity": [],
            "ignore_body_changes": null,
            "ignore_casing": false,
            "ignore_missing_property": true,
            "location": "westeurope",
            "locks": null,
            "name": "sshdestinedbunny",
            "output": "{}",
            "parent_id": "/subscriptions/e65433d5-b551-481c-b09d-7a306e3999ea/resourceGroups/rg-keen-lion",
            "removing_special_chars": false,
            "response_export_values": null,
            "schema_validation_enabled": true,
            "tags": {},
            "timeouts": null,
            "type": "Microsoft.Compute/sshPublicKeys@2022-11-01"
          },
          "sensitive_attributes": [],
          "private": "eyJlMmJmYjczMC1lY2FhLTExZTYtOGY4OC0zNDM2M2JjN2M0YzAiOnsiY3JlYXRlIjoxODAwMDAwMDAwMDAwLCJkZWxldGUiOjE4MDAwMDAwMDAwMDAsInJlYWQiOjMwMDAwMDAwMDAwMCwidXBkYXRlIjoxODAwMDAwMDAwMDAwfX0=",
          "dependencies": [
            "azurerm_resource_group.rg",
            "random_pet.rg_name",
            "random_pet.ssh_key_name"
          ]
        }
      ]
    },
    {
      "mode": "managed",
      "type": "azapi_resource_action",
      "name": "ssh_public_key_gen",
      "provider": "provider[\"registry.terraform.io/azure/azapi\"]",
      "instances": [
        {
          "schema_version": 0,
          "attributes": {
            "action": "generateKeyPair",
            "body": null,
            "id": "/subscriptions/e65433d5-b551-481c-b09d-7a306e3999ea/resourceGroups/rg-keen-lion/providers/Microsoft.Compute/sshPublicKeys/sshdestinedbunny/generateKeyPair",
            "locks": null,
            "method": "POST",
            "output": "{\"privateKey\":\"-----BEGIN RSA PRIVATE KEY-----\\r\\nMIIG5QIBAAKCAYEAsRv/NvtppXL+n9yrxvFBzvf5ToPr+y5n5y0NJ6qqnloNeQV0\\r\\nLBwg0HFXeJMgNqoynYBEAK0FIF4EXs0py7857ew9JF6LkvEq7A+GPEhTE8usPF2Z\\r\\nzqfUAj0NjD7YUdEwzAyXjklRPv/8l+75sGEaMycJxhKS6ILoEHjZhnV5Emu6753i\\r\\nDgoXDxbPeRpYOUccXLcqbgGkYg1ui/S+QgtaH+B2G/BsnATn3iJDpVXCd0MCXTc0\\r\\n43N0CmFxEdMUg75XreIH/VygmAnUdfThRPv+44xUq4U6CRDO7EdzGUBqPSenEbGO\\r\\nqzINfGsMS6OmmP0fRGfKb2wZ/Y5CORUMEYa/7Qu5zGwxRqBxp/4duh+2YtSfj5GI\\r\\nuggUhbNOgsXDy8LLoLy5QLoOYMrB5JjSNZkaSvwtdmtXwNno1x0q1Gb9QVaRukOL\\r\\nA1KU54BAqrlDh9LdgPjfyWb+EnIiWbqI/OsG7g/biFGgLuNrz4fxUK0v6B/dkLmW\\r\\nq/9idWcn232ojCpxAgMBAAECggGAb6aprpyyDjY/ZMI1nFYNWY+kICY0RwYLRIZ3\\r\\nK5GAvBEjOy7//KrC2QUK0p1VioCjJf1tYUux1qTOdoE6HxLvTxlFtj7QGJNmrqhe\\r\\nxHQHw4v7iZasVsYgdkTM3KPltTZ+X7R0eqOnz2KLd7CUweeFH8g1diPRbzjPWUsG\\r\\nPqih6cX2dAaBMr6TqNSFeN/tzDYTIDPsUKtCWPoEvcBNjM8hQsU7UAOyRG0nSzco\\r\\nk/tLe+nHfMJH2je3aK/jGwyJe0Arc5grfQ6CN+8lwlBQlv/FHBvOHdD+b5jd4PNn\\r\\nd5calGxppjvzjRPGvOWMoypAUmj4wwMj60nx/EZ2kj78WK/Xly2O9ZQX10D6dU8W\\r\\nyQrD+TG4wQUWWGhSI5vxFC49fmsJ1R9gEJlXKiuptVC85+GSk5wxSeUqwnFZLApU\\r\\nUfjBDIQKP9snJLQRz6USU/gaA0TQ8VzxYOCoBH99h6BS1dmtYkOjF2YPLvfV5zcr\\r\\ntcLjdB24DYHcg/4Kp5ufFEwL2RxtAoHBANHpfRjyaG43NmzPW774pahD/3/3EKUQ\\r\\nxmdg/l2ETQuPH6vjJDVNmsMtiTUOHBDrTZdPeP4hQHN88nM80Drv9uMZzgmMcC3+\\r\\nQBInWPLz6+0mN+MX65QN9+/i7GxBOihH48fj9SpZSXQzf7hD8Dn4iRD6QQEhRhXy\\r\\nfagjcIZdfmnefaOqK2pbktXAe7p0EupCO7a6249yJZkzRgXju4P4/J8Ai7KMoisS\\r\\nb0IbKdmWwO36NGgn8C4/3PI3cESek+toFwKBwQDX/sTxpnVEvLcfJi9nyQpthcxu\\r\\nv02OA+2ETbohxAT7Rd6uT8iR14LsOLzTu6U1a+yuAacKrrt8ZVQBt02OM+QEdEPw\\r\\nm8wBeRIWdue5bJw3i/Qx6DcqqELqes1FT2gLXSlwp5wNpRjmQMvOMdXKfNSV3OOX\\r\\nOT+Ki9b9jpKtemqqNF3mMoVm6oNehZ4ByNe9XYxkoUB2MlUEqk96j4YVdfOn0MB4\\r\\nmd5dMqQWbLFgNQq4lUFJ3k36XuxndM01bxG4jrcCgcEAuDLgwJRvCVBP5Pms846z\\r\\np01MFlmSdJac07isXRmslhkY3LesXU3lIaKCxVjFTh99beqiLLa3HOCmzHKv8xgB\\r\\nmNVbFMv04Jc8V/HJPyDGhcrEvfWOltQPHqUNfA1c4F39RroFuAyzxVEvoV2Unvo2\\r\\nJPzFMB2np7irhXDb3DyMopBHxeecw27qEcIfkMUsl/5Y8gdUhbLPxXjV2HM3aB6E\\r\\nZ26OJ7b60zsRAHxfo/2C/RFTDZcGTz9hPfdiAAT7nlYvAoHBALVHCk1xkfw1kk8f\\r\\nQiwNq6XN5IySG+nz2/TtMylBlZi5xDFxnnjgce4FlFzzoK1cPdCwbFxn18yIUl/6\\r\\nUqnlXRpr5dVbPHWEAi0+cC7MO7PWzwTPyvUPMNIQbJUeFslqz+vPkAZXqLUebq5I\\r\\nXxDJgbWhJJX3ox+JS8+USAA2vKzKtIANqK5+ZfD/nWQMBxzUFY8jUrGgfoAi2/+V\\r\\n00fRrcQLTG4rXVfEt7hmUtvWyH+wLJJtc+6MmkYd3lhZNns5swKBwQCIOlPpPTlr\\r\\nKHWVxEZecknu88/ln1peSnoC1lMfMdmEPMt0/wFf25TqT2xUgii2mle8mZyCt3I8\\r\\n0rR6/myukrjwx2VDi3BWgxZ0Uzw2Zc3siPcRXhjHvC4T/XxDAfWyxQdE0AAiBGPL\\r\\no/X1hJMOS26F1i/lXtxZ7plQeIqX3dN8+Zdcal53pca/A0LH8mnYIa+PwoovZYyk\\r\\nNj33uqj5NILN7U+OZ4DQe5azVBTNbRtWiUIAquq3fRPBpm9RF+n8/iE=\\r\\n-----END RSA PRIVATE KEY-----\\r\\n\",\"publicKey\":\"ssh-rsa AAAAB3NzaC1yc2EAAAADAQABAAABgQCxG/82+2mlcv6f3KvG8UHO9/lOg+v7LmfnLQ0nqqqeWg15BXQsHCDQcVd4kyA2qjKdgEQArQUgXgRezSnLvznt7D0kXouS8SrsD4Y8SFMTy6w8XZnOp9QCPQ2MPthR0TDMDJeOSVE+//yX7vmwYRozJwnGEpLogugQeNmGdXkSa7rvneIOChcPFs95Glg5RxxctypuAaRiDW6L9L5CC1of4HYb8GycBOfeIkOlVcJ3QwJdNzTjc3QKYXER0xSDvlet4gf9XKCYCdR19OFE+/7jjFSrhToJEM7sR3MZQGo9J6cRsY6rMg18awxLo6aY/R9EZ8pvbBn9jkI5FQwRhr/tC7nMbDFGoHGn/h26H7Zi1J+PkYi6CBSFs06CxcPLwsugvLlAug5gysHkmNI1mRpK/C12a1fA2ejXHSrUZv1BVpG6Q4sDUpTngECquUOH0t2A+N/JZv4SciJZuoj86wbuD9uIUaAu42vPh/FQrS/oH92QuZar/2J1ZyfbfaiMKnE= generated-by-azure\"}",
            "resource_id": "/subscriptions/e65433d5-b551-481c-b09d-7a306e3999ea/resourceGroups/rg-keen-lion/providers/Microsoft.Compute/sshPublicKeys/sshdestinedbunny",
            "response_export_values": [
              "publicKey",
              "privateKey"
            ],
            "timeouts": null,
            "type": "Microsoft.Compute/sshPublicKeys@2022-11-01"
          },
          "sensitive_attributes": [],
          "private": "eyJlMmJmYjczMC1lY2FhLTExZTYtOGY4OC0zNDM2M2JjN2M0YzAiOnsiY3JlYXRlIjoxODAwMDAwMDAwMDAwLCJkZWxldGUiOjE4MDAwMDAwMDAwMDAsInJlYWQiOjMwMDAwMDAwMDAwMCwidXBkYXRlIjoxODAwMDAwMDAwMDAwfX0=",
          "dependencies": [
            "azapi_resource.ssh_public_key",
            "azurerm_resource_group.rg",
            "random_pet.rg_name",
            "random_pet.ssh_key_name"
          ]
        }
      ]
    },
    {
      "mode": "managed",
      "type": "azurerm_linux_virtual_machine",
      "name": "my_terraform_vm",
      "provider": "provider[\"registry.terraform.io/hashicorp/azurerm\"]",
      "instances": [
        {
          "schema_version": 0,
          "attributes": {
            "additional_capabilities": [],
            "admin_password": null,
            "admin_ssh_key": [
              {
                "public_key": "ssh-rsa AAAAB3NzaC1yc2EAAAADAQABAAABgQCxG/82+2mlcv6f3KvG8UHO9/lOg+v7LmfnLQ0nqqqeWg15BXQsHCDQcVd4kyA2qjKdgEQArQUgXgRezSnLvznt7D0kXouS8SrsD4Y8SFMTy6w8XZnOp9QCPQ2MPthR0TDMDJeOSVE+//yX7vmwYRozJwnGEpLogugQeNmGdXkSa7rvneIOChcPFs95Glg5RxxctypuAaRiDW6L9L5CC1of4HYb8GycBOfeIkOlVcJ3QwJdNzTjc3QKYXER0xSDvlet4gf9XKCYCdR19OFE+/7jjFSrhToJEM7sR3MZQGo9J6cRsY6rMg18awxLo6aY/R9EZ8pvbBn9jkI5FQwRhr/tC7nMbDFGoHGn/h26H7Zi1J+PkYi6CBSFs06CxcPLwsugvLlAug5gysHkmNI1mRpK/C12a1fA2ejXHSrUZv1BVpG6Q4sDUpTngECquUOH0t2A+N/JZv4SciJZuoj86wbuD9uIUaAu42vPh/FQrS/oH92QuZar/2J1ZyfbfaiMKnE= generated-by-azure",
                "username": "azureadmin"
              }
            ],
            "admin_username": "azureadmin",
            "allow_extension_operations": true,
            "availability_set_id": "",
            "boot_diagnostics": [
              {
                "storage_account_uri": "https://diag913f3aeebb66c0db.blob.core.windows.net/"
              }
            ],
            "computer_name": "hostname",
            "custom_data": null,
            "dedicated_host_group_id": "",
            "dedicated_host_id": "",
            "disable_password_authentication": true,
            "encryption_at_host_enabled": false,
            "eviction_policy": "",
            "extensions_time_budget": "PT1H30M",
            "id": "/subscriptions/e65433d5-b551-481c-b09d-7a306e3999ea/resourceGroups/rg-keen-lion/providers/Microsoft.Compute/virtualMachines/vm_cloud_lab_2",
            "identity": [],
            "license_type": "",
            "location": "westeurope",
            "max_bid_price": -1,
            "name": "vm_cloud_lab_2",
            "network_interface_ids": [
              "/subscriptions/e65433d5-b551-481c-b09d-7a306e3999ea/resourceGroups/rg-keen-lion/providers/Microsoft.Network/networkInterfaces/myNIC"
            ],
            "os_disk": [
              {
                "caching": "ReadWrite",
                "diff_disk_settings": [],
                "disk_encryption_set_id": "",
                "disk_size_gb": 30,
                "name": "myOsDisk",
                "storage_account_type": "Premium_LRS",
                "write_accelerator_enabled": false
              }
            ],
            "patch_mode": "ImageDefault",
            "plan": [],
            "platform_fault_domain": -1,
            "priority": "Regular",
            "private_ip_address": "10.0.1.4",
            "private_ip_addresses": [
              "10.0.1.4"
            ],
            "provision_vm_agent": true,
            "proximity_placement_group_id": "",
            "public_ip_address": "20.107.0.134",
            "public_ip_addresses": [
              "20.107.0.134"
            ],
            "resource_group_name": "rg-keen-lion",
            "secret": [],
            "secure_boot_enabled": false,
            "size": "Standard_DS1_v2",
            "source_image_id": "",
            "source_image_reference": [
              {
                "offer": "0001-com-ubuntu-server-jammy",
                "publisher": "Canonical",
                "sku": "22_04-lts-gen2",
                "version": "latest"
              }
            ],
            "tags": null,
            "timeouts": null,
            "user_data": "",
            "virtual_machine_id": "9caae693-3c85-435f-bed8-21eea213dba0",
            "virtual_machine_scale_set_id": "",
            "vtpm_enabled": false,
            "zone": ""
          },
          "sensitive_attributes": [],
          "private": "eyJlMmJmYjczMC1lY2FhLTExZTYtOGY4OC0zNDM2M2JjN2M0YzAiOnsiY3JlYXRlIjoyNzAwMDAwMDAwMDAwLCJkZWxldGUiOjI3MDAwMDAwMDAwMDAsInJlYWQiOjMwMDAwMDAwMDAwMCwidXBkYXRlIjoyNzAwMDAwMDAwMDAwfX0=",
          "dependencies": [
            "azapi_resource.ssh_public_key",
            "azapi_resource_action.ssh_public_key_gen",
            "azurerm_network_interface.my_terraform_nic",
            "azurerm_public_ip.my_terraform_public_ip",
            "azurerm_resource_group.rg",
            "azurerm_storage_account.my_storage_account",
            "azurerm_subnet.my_terraform_subnet",
            "azurerm_virtual_network.my_terraform_network",
            "random_id.random_id",
            "random_pet.rg_name",
            "random_pet.ssh_key_name"
          ]
        }
      ]
    },
    {
      "mode": "managed",
      "type": "azurerm_network_interface",
      "name": "my_terraform_nic",
      "provider": "provider[\"registry.terraform.io/hashicorp/azurerm\"]",
      "instances": [
        {
          "schema_version": 0,
          "attributes": {
            "applied_dns_servers": [],
            "dns_servers": [],
            "enable_accelerated_networking": false,
            "enable_ip_forwarding": false,
            "id": "/subscriptions/e65433d5-b551-481c-b09d-7a306e3999ea/resourceGroups/rg-keen-lion/providers/Microsoft.Network/networkInterfaces/myNIC",
            "internal_dns_name_label": "",
            "internal_domain_name_suffix": "rxpylxt3kuaupnq45wss3bwema.ax.internal.cloudapp.net",
            "ip_configuration": [
              {
                "gateway_load_balancer_frontend_ip_configuration_id": "",
                "name": "my_nic_configuration",
                "primary": true,
                "private_ip_address": "10.0.1.4",
                "private_ip_address_allocation": "Dynamic",
                "private_ip_address_version": "IPv4",
                "public_ip_address_id": "/subscriptions/e65433d5-b551-481c-b09d-7a306e3999ea/resourceGroups/rg-keen-lion/providers/Microsoft.Network/publicIPAddresses/myPublicIP",
                "subnet_id": "/subscriptions/e65433d5-b551-481c-b09d-7a306e3999ea/resourceGroups/rg-keen-lion/providers/Microsoft.Network/virtualNetworks/myVnet/subnets/mySubnet"
              }
            ],
            "location": "westeurope",
            "mac_address": "",
            "name": "myNIC",
            "private_ip_address": "10.0.1.4",
            "private_ip_addresses": [
              "10.0.1.4"
            ],
            "resource_group_name": "rg-keen-lion",
            "tags": null,
            "timeouts": null,
            "virtual_machine_id": ""
          },
          "sensitive_attributes": [],
          "private": "eyJlMmJmYjczMC1lY2FhLTExZTYtOGY4OC0zNDM2M2JjN2M0YzAiOnsiY3JlYXRlIjoxODAwMDAwMDAwMDAwLCJkZWxldGUiOjE4MDAwMDAwMDAwMDAsInJlYWQiOjMwMDAwMDAwMDAwMCwidXBkYXRlIjoxODAwMDAwMDAwMDAwfX0=",
          "dependencies": [
            "azurerm_public_ip.my_terraform_public_ip",
            "azurerm_resource_group.rg",
            "azurerm_subnet.my_terraform_subnet",
            "azurerm_virtual_network.my_terraform_network",
            "random_pet.rg_name"
          ]
        }
      ]
    },
    {
      "mode": "managed",
      "type": "azurerm_network_interface_security_group_association",
      "name": "example",
      "provider": "provider[\"registry.terraform.io/hashicorp/azurerm\"]",
      "instances": [
        {
          "schema_version": 0,
          "attributes": {
            "id": "/subscriptions/e65433d5-b551-481c-b09d-7a306e3999ea/resourceGroups/rg-keen-lion/providers/Microsoft.Network/networkInterfaces/myNIC|/subscriptions/e65433d5-b551-481c-b09d-7a306e3999ea/resourceGroups/rg-keen-lion/providers/Microsoft.Network/networkSecurityGroups/myNetworkSecurityGroup",
            "network_interface_id": "/subscriptions/e65433d5-b551-481c-b09d-7a306e3999ea/resourceGroups/rg-keen-lion/providers/Microsoft.Network/networkInterfaces/myNIC",
            "network_security_group_id": "/subscriptions/e65433d5-b551-481c-b09d-7a306e3999ea/resourceGroups/rg-keen-lion/providers/Microsoft.Network/networkSecurityGroups/myNetworkSecurityGroup",
            "timeouts": null
          },
          "sensitive_attributes": [],
          "private": "eyJlMmJmYjczMC1lY2FhLTExZTYtOGY4OC0zNDM2M2JjN2M0YzAiOnsiY3JlYXRlIjoxODAwMDAwMDAwMDAwLCJkZWxldGUiOjE4MDAwMDAwMDAwMDAsInJlYWQiOjMwMDAwMDAwMDAwMCwidXBkYXRlIjoxODAwMDAwMDAwMDAwfX0=",
          "dependencies": [
            "azurerm_network_interface.my_terraform_nic",
            "azurerm_network_security_group.my_terraform_nsg",
            "azurerm_public_ip.my_terraform_public_ip",
            "azurerm_resource_group.rg",
            "azurerm_subnet.my_terraform_subnet",
            "azurerm_virtual_network.my_terraform_network",
            "random_pet.rg_name"
          ]
        }
      ]
    },
    {
      "mode": "managed",
      "type": "azurerm_network_security_group",
      "name": "my_terraform_nsg",
      "provider": "provider[\"registry.terraform.io/hashicorp/azurerm\"]",
      "instances": [
        {
          "schema_version": 0,
          "attributes": {
            "id": "/subscriptions/e65433d5-b551-481c-b09d-7a306e3999ea/resourceGroups/rg-keen-lion/providers/Microsoft.Network/networkSecurityGroups/myNetworkSecurityGroup",
            "location": "westeurope",
            "name": "myNetworkSecurityGroup",
            "resource_group_name": "rg-keen-lion",
            "security_rule": [
              {
                "access": "Allow",
                "description": "",
                "destination_address_prefix": "*",
                "destination_address_prefixes": [],
                "destination_application_security_group_ids": [],
                "destination_port_range": "22",
                "destination_port_ranges": [],
                "direction": "Inbound",
                "name": "SSH",
                "priority": 1001,
                "protocol": "Tcp",
                "source_address_prefix": "*",
                "source_address_prefixes": [],
                "source_application_security_group_ids": [],
                "source_port_range": "*",
                "source_port_ranges": []
              }
            ],
            "tags": null,
            "timeouts": null
          },
          "sensitive_attributes": [],
          "private": "eyJlMmJmYjczMC1lY2FhLTExZTYtOGY4OC0zNDM2M2JjN2M0YzAiOnsiY3JlYXRlIjoxODAwMDAwMDAwMDAwLCJkZWxldGUiOjE4MDAwMDAwMDAwMDAsInJlYWQiOjMwMDAwMDAwMDAwMCwidXBkYXRlIjoxODAwMDAwMDAwMDAwfX0=",
          "dependencies": [
            "azurerm_resource_group.rg",
            "random_pet.rg_name"
          ]
        }
      ]
    },
    {
      "mode": "managed",
      "type": "azurerm_public_ip",
      "name": "my_terraform_public_ip",
      "provider": "provider[\"registry.terraform.io/hashicorp/azurerm\"]",
      "instances": [
        {
          "schema_version": 0,
          "attributes": {
            "allocation_method": "Dynamic",
            "availability_zone": "No-Zone",
            "domain_name_label": null,
            "fqdn": null,
            "id": "/subscriptions/e65433d5-b551-481c-b09d-7a306e3999ea/resourceGroups/rg-keen-lion/providers/Microsoft.Network/publicIPAddresses/myPublicIP",
            "idle_timeout_in_minutes": 4,
            "ip_address": "",
            "ip_tags": null,
            "ip_version": "IPv4",
            "location": "westeurope",
            "name": "myPublicIP",
            "public_ip_prefix_id": null,
            "resource_group_name": "rg-keen-lion",
            "reverse_fqdn": null,
            "sku": "Basic",
            "sku_tier": "Regional",
            "tags": null,
            "timeouts": null,
            "zones": []
          },
          "sensitive_attributes": [],
          "private": "eyJlMmJmYjczMC1lY2FhLTExZTYtOGY4OC0zNDM2M2JjN2M0YzAiOnsiY3JlYXRlIjoxODAwMDAwMDAwMDAwLCJkZWxldGUiOjE4MDAwMDAwMDAwMDAsInJlYWQiOjMwMDAwMDAwMDAwMCwidXBkYXRlIjoxODAwMDAwMDAwMDAwfX0=",
          "dependencies": [
            "azurerm_resource_group.rg",
            "random_pet.rg_name"
          ]
        }
      ]
    },
    {
      "mode": "managed",
      "type": "azurerm_resource_group",
      "name": "rg",
      "provider": "provider[\"registry.terraform.io/hashicorp/azurerm\"]",
      "instances": [
        {
          "schema_version": 0,
          "attributes": {
            "id": "/subscriptions/e65433d5-b551-481c-b09d-7a306e3999ea/resourceGroups/rg-keen-lion",
            "location": "westeurope",
            "name": "rg-keen-lion",
            "tags": null,
            "timeouts": null
          },
          "sensitive_attributes": [],
          "private": "eyJlMmJmYjczMC1lY2FhLTExZTYtOGY4OC0zNDM2M2JjN2M0YzAiOnsiY3JlYXRlIjo1NDAwMDAwMDAwMDAwLCJkZWxldGUiOjU0MDAwMDAwMDAwMDAsInJlYWQiOjMwMDAwMDAwMDAwMCwidXBkYXRlIjo1NDAwMDAwMDAwMDAwfX0=",
          "dependencies": [
            "random_pet.rg_name"
          ]
        }
      ]
    },
    {
      "mode": "managed",
      "type": "azurerm_storage_account",
      "name": "my_storage_account",
      "provider": "provider[\"registry.terraform.io/hashicorp/azurerm\"]",
      "instances": [
        {
          "schema_version": 2,
          "attributes": {
            "access_tier": "Hot",
            "account_kind": "StorageV2",
            "account_replication_type": "LRS",
            "account_tier": "Standard",
            "allow_blob_public_access": false,
            "azure_files_authentication": [],
            "blob_properties": [
              {
                "change_feed_enabled": false,
                "container_delete_retention_policy": [],
                "cors_rule": [],
                "default_service_version": "",
                "delete_retention_policy": [],
                "last_access_time_enabled": false,
                "versioning_enabled": false
              }
            ],
            "custom_domain": [],
            "customer_managed_key": [],
            "enable_https_traffic_only": true,
            "id": "/subscriptions/e65433d5-b551-481c-b09d-7a306e3999ea/resourceGroups/rg-keen-lion/providers/Microsoft.Storage/storageAccounts/diag913f3aeebb66c0db",
            "identity": [],
            "infrastructure_encryption_enabled": false,
            "is_hns_enabled": false,
            "large_file_share_enabled": null,
            "location": "westeurope",
            "min_tls_version": "TLS1_0",
            "name": "diag913f3aeebb66c0db",
            "network_rules": [
              {
                "bypass": [
                  "AzureServices"
                ],
                "default_action": "Allow",
                "ip_rules": [],
                "private_link_access": [],
                "virtual_network_subnet_ids": []
              }
            ],
            "nfsv3_enabled": false,
            "primary_access_key": "tOgyuDVmGGAdunsI5wqdC5OeFwF3sE1jRfQ3oGuqcEv/YLlcm8CJSqejFNHUnwJ17QX5UgxoR0m6+AStskYuPg==",
            "primary_blob_connection_string": "DefaultEndpointsProtocol=https;BlobEndpoint=https://diag913f3aeebb66c0db.blob.core.windows.net/;AccountName=diag913f3aeebb66c0db;AccountKey=tOgyuDVmGGAdunsI5wqdC5OeFwF3sE1jRfQ3oGuqcEv/YLlcm8CJSqejFNHUnwJ17QX5UgxoR0m6+AStskYuPg==",
            "primary_blob_endpoint": "https://diag913f3aeebb66c0db.blob.core.windows.net/",
            "primary_blob_host": "diag913f3aeebb66c0db.blob.core.windows.net",
            "primary_connection_string": "DefaultEndpointsProtocol=https;AccountName=diag913f3aeebb66c0db;AccountKey=tOgyuDVmGGAdunsI5wqdC5OeFwF3sE1jRfQ3oGuqcEv/YLlcm8CJSqejFNHUnwJ17QX5UgxoR0m6+AStskYuPg==;EndpointSuffix=core.windows.net",
            "primary_dfs_endpoint": "https://diag913f3aeebb66c0db.dfs.core.windows.net/",
            "primary_dfs_host": "diag913f3aeebb66c0db.dfs.core.windows.net",
            "primary_file_endpoint": "https://diag913f3aeebb66c0db.file.core.windows.net/",
            "primary_file_host": "diag913f3aeebb66c0db.file.core.windows.net",
            "primary_location": "westeurope",
            "primary_queue_endpoint": "https://diag913f3aeebb66c0db.queue.core.windows.net/",
            "primary_queue_host": "diag913f3aeebb66c0db.queue.core.windows.net",
            "primary_table_endpoint": "https://diag913f3aeebb66c0db.table.core.windows.net/",
            "primary_table_host": "diag913f3aeebb66c0db.table.core.windows.net",
            "primary_web_endpoint": "https://diag913f3aeebb66c0db.z6.web.core.windows.net/",
            "primary_web_host": "diag913f3aeebb66c0db.z6.web.core.windows.net",
            "queue_encryption_key_type": "Service",
            "queue_properties": [
              {
                "cors_rule": [],
                "hour_metrics": [
                  {
                    "enabled": true,
                    "include_apis": true,
                    "retention_policy_days": 7,
                    "version": "1.0"
                  }
                ],
                "logging": [
                  {
                    "delete": false,
                    "read": false,
                    "retention_policy_days": 0,
                    "version": "1.0",
                    "write": false
                  }
                ],
                "minute_metrics": [
                  {
                    "enabled": false,
                    "include_apis": false,
                    "retention_policy_days": 0,
                    "version": "1.0"
                  }
                ]
              }
            ],
            "resource_group_name": "rg-keen-lion",
            "routing": [],
            "secondary_access_key": "tCdZOuxGTggmsSgDu8fctQZiMfvHyyJUeCU7THRLXPyRkOOzU38onsC3QKSZYz9yeWxerhLUSTGd+ASt1Mn2ig==",
            "secondary_blob_connection_string": "",
            "secondary_blob_endpoint": null,
            "secondary_blob_host": null,
            "secondary_connection_string": "DefaultEndpointsProtocol=https;AccountName=diag913f3aeebb66c0db;AccountKey=tCdZOuxGTggmsSgDu8fctQZiMfvHyyJUeCU7THRLXPyRkOOzU38onsC3QKSZYz9yeWxerhLUSTGd+ASt1Mn2ig==;EndpointSuffix=core.windows.net",
            "secondary_dfs_endpoint": null,
            "secondary_dfs_host": null,
            "secondary_file_endpoint": null,
            "secondary_file_host": null,
            "secondary_location": "",
            "secondary_queue_endpoint": null,
            "secondary_queue_host": null,
            "secondary_table_endpoint": null,
            "secondary_table_host": null,
            "secondary_web_endpoint": null,
            "secondary_web_host": null,
            "share_properties": [
              {
                "cors_rule": [],
                "retention_policy": [
                  {
                    "days": 7
                  }
                ],
                "smb": []
              }
            ],
            "shared_access_key_enabled": true,
            "static_website": [],
            "table_encryption_key_type": "Service",
            "tags": null,
            "timeouts": null
          },
          "sensitive_attributes": [],
          "private": "eyJlMmJmYjczMC1lY2FhLTExZTYtOGY4OC0zNDM2M2JjN2M0YzAiOnsiY3JlYXRlIjozNjAwMDAwMDAwMDAwLCJkZWxldGUiOjM2MDAwMDAwMDAwMDAsInJlYWQiOjMwMDAwMDAwMDAwMCwidXBkYXRlIjozNjAwMDAwMDAwMDAwfSwic2NoZW1hX3ZlcnNpb24iOiIyIn0=",
          "dependencies": [
            "azurerm_resource_group.rg",
            "random_id.random_id",
            "random_pet.rg_name"
          ]
        }
      ]
    },
    {
      "mode": "managed",
      "type": "azurerm_subnet",
      "name": "my_terraform_subnet",
      "provider": "provider[\"registry.terraform.io/hashicorp/azurerm\"]",
      "instances": [
        {
          "schema_version": 0,
          "attributes": {
            "address_prefix": "10.0.1.0/24",
            "address_prefixes": [
              "10.0.1.0/24"
            ],
            "delegation": [],
            "enforce_private_link_endpoint_network_policies": false,
            "enforce_private_link_service_network_policies": false,
            "id": "/subscriptions/e65433d5-b551-481c-b09d-7a306e3999ea/resourceGroups/rg-keen-lion/providers/Microsoft.Network/virtualNetworks/myVnet/subnets/mySubnet",
            "name": "mySubnet",
            "resource_group_name": "rg-keen-lion",
            "service_endpoint_policy_ids": null,
            "service_endpoints": null,
            "timeouts": null,
            "virtual_network_name": "myVnet"
          },
          "sensitive_attributes": [],
          "private": "eyJlMmJmYjczMC1lY2FhLTExZTYtOGY4OC0zNDM2M2JjN2M0YzAiOnsiY3JlYXRlIjoxODAwMDAwMDAwMDAwLCJkZWxldGUiOjE4MDAwMDAwMDAwMDAsInJlYWQiOjMwMDAwMDAwMDAwMCwidXBkYXRlIjoxODAwMDAwMDAwMDAwfX0=",
          "dependencies": [
            "azurerm_resource_group.rg",
            "azurerm_virtual_network.my_terraform_network",
            "random_pet.rg_name"
          ]
        }
      ]
    },
    {
      "mode": "managed",
      "type": "azurerm_virtual_network",
      "name": "my_terraform_network",
      "provider": "provider[\"registry.terraform.io/hashicorp/azurerm\"]",
      "instances": [
        {
          "schema_version": 0,
          "attributes": {
            "address_space": [
              "10.0.0.0/16"
            ],
            "bgp_community": "",
            "ddos_protection_plan": [],
            "dns_servers": [],
            "flow_timeout_in_minutes": 0,
            "guid": "de85df8d-557d-4701-b61e-fda52e86c460",
            "id": "/subscriptions/e65433d5-b551-481c-b09d-7a306e3999ea/resourceGroups/rg-keen-lion/providers/Microsoft.Network/virtualNetworks/myVnet",
            "location": "westeurope",
            "name": "myVnet",
            "resource_group_name": "rg-keen-lion",
            "subnet": [],
            "tags": null,
            "timeouts": null,
            "vm_protection_enabled": false
          },
          "sensitive_attributes": [],
          "private": "eyJlMmJmYjczMC1lY2FhLTExZTYtOGY4OC0zNDM2M2JjN2M0YzAiOnsiY3JlYXRlIjoxODAwMDAwMDAwMDAwLCJkZWxldGUiOjE4MDAwMDAwMDAwMDAsInJlYWQiOjMwMDAwMDAwMDAwMCwidXBkYXRlIjoxODAwMDAwMDAwMDAwfX0=",
          "dependencies": [
            "azurerm_resource_group.rg",
            "random_pet.rg_name"
          ]
        }
      ]
    },
    {
      "mode": "managed",
      "type": "random_id",
      "name": "random_id",
      "provider": "provider[\"registry.terraform.io/hashicorp/random\"]",
      "instances": [
        {
          "schema_version": 0,
          "attributes": {
            "b64_std": "kT867rtmwNs=",
            "b64_url": "kT867rtmwNs",
            "byte_length": 8,
            "dec": "10466148856053022939",
            "hex": "913f3aeebb66c0db",
            "id": "kT867rtmwNs",
            "keepers": {
              "resource_group": "rg-keen-lion"
            },
            "prefix": null
          },
          "sensitive_attributes": [],
          "dependencies": [
            "azurerm_resource_group.rg",
            "random_pet.rg_name"
          ]
        }
      ]
    },
    {
      "mode": "managed",
      "type": "random_pet",
      "name": "rg_name",
      "provider": "provider[\"registry.terraform.io/hashicorp/random\"]",
      "instances": [
        {
          "schema_version": 0,
          "attributes": {
            "id": "rg-keen-lion",
            "keepers": null,
            "length": 2,
            "prefix": "rg",
            "separator": "-"
          },
          "sensitive_attributes": []
        }
      ]
    },
    {
      "mode": "managed",
      "type": "random_pet",
      "name": "ssh_key_name",
      "provider": "provider[\"registry.terraform.io/hashicorp/random\"]",
      "instances": [
        {
          "schema_version": 0,
          "attributes": {
            "id": "sshdestinedbunny",
            "keepers": null,
            "length": 2,
            "prefix": "ssh",
            "separator": ""
          },
          "sensitive_attributes": []
        }
      ]
    }
  ],
  "check_results": null
}
